// !$*UTF8*$!
{
	archiveVersion = 1;
	classes = {
	};
	objectVersion = 56;
	objects = {

/* Begin PBXBuildFile section */
		B930AAE02ADE2DE5009F9F8C /* Color.swift in Sources */ = {isa = PBXBuildFile; fileRef = B930AADC2ADE2DE5009F9F8C /* Color.swift */; };
		B930AAE12ADE2DE5009F9F8C /* Font.swift in Sources */ = {isa = PBXBuildFile; fileRef = B930AADD2ADE2DE5009F9F8C /* Font.swift */; };
		B930AAE22ADE2DE5009F9F8C /* String.swift in Sources */ = {isa = PBXBuildFile; fileRef = B930AADE2ADE2DE5009F9F8C /* String.swift */; };
		B930AAE32ADE2DE5009F9F8C /* Text.swift in Sources */ = {isa = PBXBuildFile; fileRef = B930AADF2ADE2DE5009F9F8C /* Text.swift */; };
		B95B4D7E2AE2D16100DFE2EB /* ActionsView.swift in Sources */ = {isa = PBXBuildFile; fileRef = B95B4D7D2AE2D16100DFE2EB /* ActionsView.swift */; };
		B9AD50512ADFE888006F18A1 /* TextToSpeechConverter.swift in Sources */ = {isa = PBXBuildFile; fileRef = B9AD50502ADFE888006F18A1 /* TextToSpeechConverter.swift */; };
		B9AD50542ADFE8A0006F18A1 /* SpeechRecognition.swift in Sources */ = {isa = PBXBuildFile; fileRef = B9AD50532ADFE8A0006F18A1 /* SpeechRecognition.swift */; };
		B9AD50572ADFE91C006F18A1 /* Permission.swift in Sources */ = {isa = PBXBuildFile; fileRef = B9AD50562ADFE91C006F18A1 /* Permission.swift */; };
		B9AD50602ADFE9B7006F18A1 /* Choices.swift in Sources */ = {isa = PBXBuildFile; fileRef = B9AD505C2ADFE9B7006F18A1 /* Choices.swift */; };
		B9AD50612ADFE9B7006F18A1 /* Usage.swift in Sources */ = {isa = PBXBuildFile; fileRef = B9AD505D2ADFE9B7006F18A1 /* Usage.swift */; };
		B9AD50622ADFE9B7006F18A1 /* Message.swift in Sources */ = {isa = PBXBuildFile; fileRef = B9AD505E2ADFE9B7006F18A1 /* Message.swift */; };
		B9AD50632ADFE9B7006F18A1 /* OpenAIResponse.swift in Sources */ = {isa = PBXBuildFile; fileRef = B9AD505F2ADFE9B7006F18A1 /* OpenAIResponse.swift */; };
		B9AD50692ADFEFDB006F18A1 /* Dotrice-Regular.otf in Resources */ = {isa = PBXBuildFile; fileRef = B9AD50642ADFEFDA006F18A1 /* Dotrice-Regular.otf */; };
		B9AD506A2ADFEFDB006F18A1 /* Dotrice-Condensed.otf in Resources */ = {isa = PBXBuildFile; fileRef = B9AD50652ADFEFDA006F18A1 /* Dotrice-Condensed.otf */; };
		B9AD506B2ADFEFDB006F18A1 /* Dotrice-Expanded.otf in Resources */ = {isa = PBXBuildFile; fileRef = B9AD50662ADFEFDB006F18A1 /* Dotrice-Expanded.otf */; };
		B9AD506C2ADFEFDB006F18A1 /* Dotrice-Bold.otf in Resources */ = {isa = PBXBuildFile; fileRef = B9AD50672ADFEFDB006F18A1 /* Dotrice-Bold.otf */; };
		B9AD506D2ADFEFDB006F18A1 /* Dotrice-Bold-Expanded.otf in Resources */ = {isa = PBXBuildFile; fileRef = B9AD50682ADFEFDB006F18A1 /* Dotrice-Bold-Expanded.otf */; };
		B9AD50702ADFFDEC006F18A1 /* AppConfig.swift in Sources */ = {isa = PBXBuildFile; fileRef = B9AD506F2ADFFDEC006F18A1 /* AppConfig.swift */; };
		B9AD50742AE02D4B006F18A1 /* OpenAIService.swift in Sources */ = {isa = PBXBuildFile; fileRef = B9AD50732AE02D4B006F18A1 /* OpenAIService.swift */; };
		CD0D13382ADA73B300031EDD /* xApp.swift in Sources */ = {isa = PBXBuildFile; fileRef = CD0D13372ADA73B300031EDD /* xApp.swift */; };
		CD0D133A2ADA73B300031EDD /* DashboardView.swift in Sources */ = {isa = PBXBuildFile; fileRef = CD0D13392ADA73B300031EDD /* DashboardView.swift */; };
		CD0D133C2ADA73B300031EDD /* Item.swift in Sources */ = {isa = PBXBuildFile; fileRef = CD0D133B2ADA73B300031EDD /* Item.swift */; };
		CD0D133E2ADA73B400031EDD /* Assets.xcassets in Resources */ = {isa = PBXBuildFile; fileRef = CD0D133D2ADA73B400031EDD /* Assets.xcassets */; };
		CD0D13422ADA73B400031EDD /* Preview Assets.xcassets in Resources */ = {isa = PBXBuildFile; fileRef = CD0D13412ADA73B400031EDD /* Preview Assets.xcassets */; };
		CD0D134D2ADA73B400031EDD /* xTests.swift in Sources */ = {isa = PBXBuildFile; fileRef = CD0D134C2ADA73B400031EDD /* xTests.swift */; };
		CD0D13572ADA73B400031EDD /* xUITests.swift in Sources */ = {isa = PBXBuildFile; fileRef = CD0D13562ADA73B400031EDD /* xUITests.swift */; };
		CD0D13592ADA73B400031EDD /* xUITestsLaunchTests.swift in Sources */ = {isa = PBXBuildFile; fileRef = CD0D13582ADA73B400031EDD /* xUITestsLaunchTests.swift */; };
		CD0D13672ADA74C800031EDD /* CoreAudio.framework in Frameworks */ = {isa = PBXBuildFile; fileRef = CD0D13662ADA74C800031EDD /* CoreAudio.framework */; };
		CD0D13692ADA74D100031EDD /* AVFoundation.framework in Frameworks */ = {isa = PBXBuildFile; fileRef = CD0D13682ADA74D100031EDD /* AVFoundation.framework */; };
		CD0D136B2ADB28CE00031EDD /* logo.png in Resources */ = {isa = PBXBuildFile; fileRef = CD0D136A2ADB28CE00031EDD /* logo.png */; };
		CDA4F5EB2AE29C5F006F4874 /* AppConfig.plist in Resources */ = {isa = PBXBuildFile; fileRef = CDA4F5EA2AE29C5F006F4874 /* AppConfig.plist */; };
/* End PBXBuildFile section */

/* Begin PBXContainerItemProxy section */
		CD0D13492ADA73B400031EDD /* PBXContainerItemProxy */ = {
			isa = PBXContainerItemProxy;
			containerPortal = CD0D132C2ADA73B300031EDD /* Project object */;
			proxyType = 1;
			remoteGlobalIDString = CD0D13332ADA73B300031EDD;
			remoteInfo = x;
		};
		CD0D13532ADA73B400031EDD /* PBXContainerItemProxy */ = {
			isa = PBXContainerItemProxy;
			containerPortal = CD0D132C2ADA73B300031EDD /* Project object */;
			proxyType = 1;
			remoteGlobalIDString = CD0D13332ADA73B300031EDD;
			remoteInfo = x;
		};
/* End PBXContainerItemProxy section */

/* Begin PBXFileReference section */
		B930AADC2ADE2DE5009F9F8C /* Color.swift */ = {isa = PBXFileReference; fileEncoding = 4; lastKnownFileType = sourcecode.swift; path = Color.swift; sourceTree = "<group>"; };
		B930AADD2ADE2DE5009F9F8C /* Font.swift */ = {isa = PBXFileReference; fileEncoding = 4; lastKnownFileType = sourcecode.swift; path = Font.swift; sourceTree = "<group>"; };
		B930AADE2ADE2DE5009F9F8C /* String.swift */ = {isa = PBXFileReference; fileEncoding = 4; lastKnownFileType = sourcecode.swift; path = String.swift; sourceTree = "<group>"; };
		B930AADF2ADE2DE5009F9F8C /* Text.swift */ = {isa = PBXFileReference; fileEncoding = 4; lastKnownFileType = sourcecode.swift; path = Text.swift; sourceTree = "<group>"; };
		B95B4D7D2AE2D16100DFE2EB /* ActionsView.swift */ = {isa = PBXFileReference; fileEncoding = 4; lastKnownFileType = sourcecode.swift; path = ActionsView.swift; sourceTree = "<group>"; };
		B9AD50502ADFE888006F18A1 /* TextToSpeechConverter.swift */ = {isa = PBXFileReference; fileEncoding = 4; lastKnownFileType = sourcecode.swift; path = TextToSpeechConverter.swift; sourceTree = "<group>"; };
		B9AD50532ADFE8A0006F18A1 /* SpeechRecognition.swift */ = {isa = PBXFileReference; fileEncoding = 4; lastKnownFileType = sourcecode.swift; path = SpeechRecognition.swift; sourceTree = "<group>"; };
		B9AD50562ADFE91C006F18A1 /* Permission.swift */ = {isa = PBXFileReference; fileEncoding = 4; lastKnownFileType = sourcecode.swift; path = Permission.swift; sourceTree = "<group>"; };
		B9AD505C2ADFE9B7006F18A1 /* Choices.swift */ = {isa = PBXFileReference; fileEncoding = 4; lastKnownFileType = sourcecode.swift; path = Choices.swift; sourceTree = "<group>"; };
		B9AD505D2ADFE9B7006F18A1 /* Usage.swift */ = {isa = PBXFileReference; fileEncoding = 4; lastKnownFileType = sourcecode.swift; path = Usage.swift; sourceTree = "<group>"; };
		B9AD505E2ADFE9B7006F18A1 /* Message.swift */ = {isa = PBXFileReference; fileEncoding = 4; lastKnownFileType = sourcecode.swift; path = Message.swift; sourceTree = "<group>"; };
		B9AD505F2ADFE9B7006F18A1 /* OpenAIResponse.swift */ = {isa = PBXFileReference; fileEncoding = 4; lastKnownFileType = sourcecode.swift; path = OpenAIResponse.swift; sourceTree = "<group>"; };
		B9AD50642ADFEFDA006F18A1 /* Dotrice-Regular.otf */ = {isa = PBXFileReference; lastKnownFileType = file; path = "Dotrice-Regular.otf"; sourceTree = "<group>"; };
		B9AD50652ADFEFDA006F18A1 /* Dotrice-Condensed.otf */ = {isa = PBXFileReference; lastKnownFileType = file; path = "Dotrice-Condensed.otf"; sourceTree = "<group>"; };
		B9AD50662ADFEFDB006F18A1 /* Dotrice-Expanded.otf */ = {isa = PBXFileReference; lastKnownFileType = file; path = "Dotrice-Expanded.otf"; sourceTree = "<group>"; };
		B9AD50672ADFEFDB006F18A1 /* Dotrice-Bold.otf */ = {isa = PBXFileReference; lastKnownFileType = file; path = "Dotrice-Bold.otf"; sourceTree = "<group>"; };
		B9AD50682ADFEFDB006F18A1 /* Dotrice-Bold-Expanded.otf */ = {isa = PBXFileReference; lastKnownFileType = file; path = "Dotrice-Bold-Expanded.otf"; sourceTree = "<group>"; };
		B9AD506F2ADFFDEC006F18A1 /* AppConfig.swift */ = {isa = PBXFileReference; lastKnownFileType = sourcecode.swift; path = AppConfig.swift; sourceTree = "<group>"; };
		B9AD50732AE02D4B006F18A1 /* OpenAIService.swift */ = {isa = PBXFileReference; fileEncoding = 4; lastKnownFileType = sourcecode.swift; path = OpenAIService.swift; sourceTree = "<group>"; };
		CD0D13342ADA73B300031EDD /* Hey Sam.app */ = {isa = PBXFileReference; explicitFileType = wrapper.application; includeInIndex = 0; path = "Hey Sam.app"; sourceTree = BUILT_PRODUCTS_DIR; };
		CD0D13372ADA73B300031EDD /* xApp.swift */ = {isa = PBXFileReference; lastKnownFileType = sourcecode.swift; path = xApp.swift; sourceTree = "<group>"; };
		CD0D13392ADA73B300031EDD /* DashboardView.swift */ = {isa = PBXFileReference; lastKnownFileType = sourcecode.swift; path = DashboardView.swift; sourceTree = "<group>"; };
		CD0D133B2ADA73B300031EDD /* Item.swift */ = {isa = PBXFileReference; lastKnownFileType = sourcecode.swift; path = Item.swift; sourceTree = "<group>"; };
		CD0D133D2ADA73B400031EDD /* Assets.xcassets */ = {isa = PBXFileReference; lastKnownFileType = folder.assetcatalog; path = Assets.xcassets; sourceTree = "<group>"; };
		CD0D133F2ADA73B400031EDD /* x.entitlements */ = {isa = PBXFileReference; lastKnownFileType = text.plist.entitlements; path = x.entitlements; sourceTree = "<group>"; };
		CD0D13412ADA73B400031EDD /* Preview Assets.xcassets */ = {isa = PBXFileReference; lastKnownFileType = folder.assetcatalog; path = "Preview Assets.xcassets"; sourceTree = "<group>"; };
		CD0D13432ADA73B400031EDD /* Info.plist */ = {isa = PBXFileReference; lastKnownFileType = text.plist.xml; path = Info.plist; sourceTree = "<group>"; };
		CD0D13482ADA73B400031EDD /* Hey SamTests.xctest */ = {isa = PBXFileReference; explicitFileType = wrapper.cfbundle; includeInIndex = 0; path = "Hey SamTests.xctest"; sourceTree = BUILT_PRODUCTS_DIR; };
		CD0D134C2ADA73B400031EDD /* xTests.swift */ = {isa = PBXFileReference; lastKnownFileType = sourcecode.swift; path = xTests.swift; sourceTree = "<group>"; };
		CD0D13522ADA73B400031EDD /* Hey SamUITests.xctest */ = {isa = PBXFileReference; explicitFileType = wrapper.cfbundle; includeInIndex = 0; path = "Hey SamUITests.xctest"; sourceTree = BUILT_PRODUCTS_DIR; };
		CD0D13562ADA73B400031EDD /* xUITests.swift */ = {isa = PBXFileReference; lastKnownFileType = sourcecode.swift; path = xUITests.swift; sourceTree = "<group>"; };
		CD0D13582ADA73B400031EDD /* xUITestsLaunchTests.swift */ = {isa = PBXFileReference; lastKnownFileType = sourcecode.swift; path = xUITestsLaunchTests.swift; sourceTree = "<group>"; };
		CD0D13662ADA74C800031EDD /* CoreAudio.framework */ = {isa = PBXFileReference; lastKnownFileType = wrapper.framework; name = CoreAudio.framework; path = Platforms/iPhoneOS.platform/Developer/SDKs/iPhoneOS17.0.sdk/System/Library/Frameworks/CoreAudio.framework; sourceTree = DEVELOPER_DIR; };
		CD0D13682ADA74D100031EDD /* AVFoundation.framework */ = {isa = PBXFileReference; lastKnownFileType = wrapper.framework; name = AVFoundation.framework; path = Platforms/iPhoneOS.platform/Developer/SDKs/iPhoneOS17.0.sdk/System/Library/Frameworks/AVFoundation.framework; sourceTree = DEVELOPER_DIR; };
		CD0D136A2ADB28CE00031EDD /* logo.png */ = {isa = PBXFileReference; lastKnownFileType = image.png; path = logo.png; sourceTree = SOURCE_ROOT; };
		CDA4F5EA2AE29C5F006F4874 /* AppConfig.plist */ = {isa = PBXFileReference; lastKnownFileType = text.plist.xml; path = AppConfig.plist; sourceTree = "<group>"; };
/* End PBXFileReference section */

/* Begin PBXFrameworksBuildPhase section */
		CD0D13312ADA73B300031EDD /* Frameworks */ = {
			isa = PBXFrameworksBuildPhase;
			buildActionMask = 2147483647;
			files = (
				CD0D13692ADA74D100031EDD /* AVFoundation.framework in Frameworks */,
				CD0D13672ADA74C800031EDD /* CoreAudio.framework in Frameworks */,
			);
			runOnlyForDeploymentPostprocessing = 0;
		};
		CD0D13452ADA73B400031EDD /* Frameworks */ = {
			isa = PBXFrameworksBuildPhase;
			buildActionMask = 2147483647;
			files = (
			);
			runOnlyForDeploymentPostprocessing = 0;
		};
		CD0D134F2ADA73B400031EDD /* Frameworks */ = {
			isa = PBXFrameworksBuildPhase;
			buildActionMask = 2147483647;
			files = (
			);
			runOnlyForDeploymentPostprocessing = 0;
		};
/* End PBXFrameworksBuildPhase section */

/* Begin PBXGroup section */
		B930AACE2ADD4BAF009F9F8C /* Resources */ = {
			isa = PBXGroup;
			children = (
				B930AACF2ADD4BAF009F9F8C /* Font */,
			);
			path = Resources;
			sourceTree = "<group>";
		};
		B930AACF2ADD4BAF009F9F8C /* Font */ = {
			isa = PBXGroup;
			children = (
				B9AD50682ADFEFDB006F18A1 /* Dotrice-Bold-Expanded.otf */,
				B9AD50672ADFEFDB006F18A1 /* Dotrice-Bold.otf */,
				B9AD50652ADFEFDA006F18A1 /* Dotrice-Condensed.otf */,
				B9AD50662ADFEFDB006F18A1 /* Dotrice-Expanded.otf */,
				B9AD50642ADFEFDA006F18A1 /* Dotrice-Regular.otf */,
			);
			path = Font;
			sourceTree = "<group>";
		};
		B930AAD12ADD4BAF009F9F8C /* Dashboard */ = {
			isa = PBXGroup;
			children = (
				CD0D13392ADA73B300031EDD /* DashboardView.swift */,
			);
			path = Dashboard;
			sourceTree = "<group>";
		};
		B930AADB2ADE2DA1009F9F8C /* Extension */ = {
			isa = PBXGroup;
			children = (
				B930AADC2ADE2DE5009F9F8C /* Color.swift */,
				B930AADD2ADE2DE5009F9F8C /* Font.swift */,
				B930AADE2ADE2DE5009F9F8C /* String.swift */,
				B930AADF2ADE2DE5009F9F8C /* Text.swift */,
			);
			path = Extension;
			sourceTree = "<group>";
		};
		B95B4D7C2AE2D16100DFE2EB /* Actions */ = {
			isa = PBXGroup;
			children = (
				B95B4D7D2AE2D16100DFE2EB /* ActionsView.swift */,
			);
			path = Actions;
			sourceTree = "<group>";
		};
		B9AD504F2ADFE888006F18A1 /* Converter */ = {
			isa = PBXGroup;
			children = (
				B9AD50502ADFE888006F18A1 /* TextToSpeechConverter.swift */,
			);
			path = Converter;
			sourceTree = "<group>";
		};
		B9AD50522ADFE8A0006F18A1 /* SpeechRecognition */ = {
			isa = PBXGroup;
			children = (
				B9AD50532ADFE8A0006F18A1 /* SpeechRecognition.swift */,
			);
			path = SpeechRecognition;
			sourceTree = "<group>";
		};
		B9AD50552ADFE91C006F18A1 /* Permission */ = {
			isa = PBXGroup;
			children = (
				B9AD50562ADFE91C006F18A1 /* Permission.swift */,
			);
			path = Permission;
			sourceTree = "<group>";
		};
		B9AD50582ADFE961006F18A1 /* OpenAIService */ = {
			isa = PBXGroup;
			children = (
				B9AD505B2ADFE9A2006F18A1 /* Models */,
				B9AD50732AE02D4B006F18A1 /* OpenAIService.swift */,
			);
			path = OpenAIService;
			sourceTree = "<group>";
		};
		B9AD505B2ADFE9A2006F18A1 /* Models */ = {
			isa = PBXGroup;
			children = (
				B9AD505C2ADFE9B7006F18A1 /* Choices.swift */,
				B9AD505E2ADFE9B7006F18A1 /* Message.swift */,
				B9AD505F2ADFE9B7006F18A1 /* OpenAIResponse.swift */,
				B9AD505D2ADFE9B7006F18A1 /* Usage.swift */,
			);
			path = Models;
			sourceTree = "<group>";
		};
		B9AD506E2ADFFD4E006F18A1 /* AppConfigration */ = {
			isa = PBXGroup;
			children = (
				B9AD506F2ADFFDEC006F18A1 /* AppConfig.swift */,
			);
			path = AppConfigration;
			sourceTree = "<group>";
		};
		CD0D132B2ADA73B300031EDD = {
			isa = PBXGroup;
			children = (
				CD0D13362ADA73B300031EDD /* x */,
				CD0D134B2ADA73B400031EDD /* xTests */,
				CD0D13552ADA73B400031EDD /* xUITests */,
				CD0D13352ADA73B300031EDD /* Products */,
				CD0D13652ADA74C800031EDD /* Frameworks */,
			);
			sourceTree = "<group>";
		};
		CD0D13352ADA73B300031EDD /* Products */ = {
			isa = PBXGroup;
			children = (
				CD0D13342ADA73B300031EDD /* Hey Sam.app */,
				CD0D13482ADA73B400031EDD /* Hey SamTests.xctest */,
				CD0D13522ADA73B400031EDD /* Hey SamUITests.xctest */,
			);
			name = Products;
			sourceTree = "<group>";
		};
		CD0D13362ADA73B300031EDD /* x */ = {
			isa = PBXGroup;
			children = (
				B95B4D7C2AE2D16100DFE2EB /* Actions */,
				B9AD506E2ADFFD4E006F18A1 /* AppConfigration */,
				B9AD50582ADFE961006F18A1 /* OpenAIService */,
				B9AD50552ADFE91C006F18A1 /* Permission */,
				B9AD50522ADFE8A0006F18A1 /* SpeechRecognition */,
				B9AD504F2ADFE888006F18A1 /* Converter */,
				B930AADB2ADE2DA1009F9F8C /* Extension */,
				B930AAD12ADD4BAF009F9F8C /* Dashboard */,
				B930AACE2ADD4BAF009F9F8C /* Resources */,
				CD0D13372ADA73B300031EDD /* xApp.swift */,
				CD0D133B2ADA73B300031EDD /* Item.swift */,
				CD0D133D2ADA73B400031EDD /* Assets.xcassets */,
				CD0D136A2ADB28CE00031EDD /* logo.png */,
				CD0D133F2ADA73B400031EDD /* x.entitlements */,
				CD0D13432ADA73B400031EDD /* Info.plist */,
				CD0D13402ADA73B400031EDD /* Preview Content */,
				CDA4F5EA2AE29C5F006F4874 /* AppConfig.plist */,
			);
			path = x;
			sourceTree = "<group>";
		};
		CD0D13402ADA73B400031EDD /* Preview Content */ = {
			isa = PBXGroup;
			children = (
				CD0D13412ADA73B400031EDD /* Preview Assets.xcassets */,
			);
			path = "Preview Content";
			sourceTree = "<group>";
		};
		CD0D134B2ADA73B400031EDD /* xTests */ = {
			isa = PBXGroup;
			children = (
				CD0D134C2ADA73B400031EDD /* xTests.swift */,
			);
			path = xTests;
			sourceTree = "<group>";
		};
		CD0D13552ADA73B400031EDD /* xUITests */ = {
			isa = PBXGroup;
			children = (
				CD0D13562ADA73B400031EDD /* xUITests.swift */,
				CD0D13582ADA73B400031EDD /* xUITestsLaunchTests.swift */,
			);
			path = xUITests;
			sourceTree = "<group>";
		};
		CD0D13652ADA74C800031EDD /* Frameworks */ = {
			isa = PBXGroup;
			children = (
				CD0D13682ADA74D100031EDD /* AVFoundation.framework */,
				CD0D13662ADA74C800031EDD /* CoreAudio.framework */,
			);
			name = Frameworks;
			sourceTree = "<group>";
		};
/* End PBXGroup section */

/* Begin PBXNativeTarget section */
		CD0D13332ADA73B300031EDD /* Hey Sam */ = {
			isa = PBXNativeTarget;
			buildConfigurationList = CD0D135C2ADA73B400031EDD /* Build configuration list for PBXNativeTarget "Hey Sam" */;
			buildPhases = (
				CD0D13302ADA73B300031EDD /* Sources */,
				CD0D13312ADA73B300031EDD /* Frameworks */,
				CD0D13322ADA73B300031EDD /* Resources */,
			);
			buildRules = (
			);
			dependencies = (
			);
			name = "Hey Sam";
			productName = x;
			productReference = CD0D13342ADA73B300031EDD /* Hey Sam.app */;
			productType = "com.apple.product-type.application";
		};
		CD0D13472ADA73B400031EDD /* Hey SamTests */ = {
			isa = PBXNativeTarget;
			buildConfigurationList = CD0D135F2ADA73B400031EDD /* Build configuration list for PBXNativeTarget "Hey SamTests" */;
			buildPhases = (
				CD0D13442ADA73B400031EDD /* Sources */,
				CD0D13452ADA73B400031EDD /* Frameworks */,
				CD0D13462ADA73B400031EDD /* Resources */,
			);
			buildRules = (
			);
			dependencies = (
				CD0D134A2ADA73B400031EDD /* PBXTargetDependency */,
			);
			name = "Hey SamTests";
			productName = xTests;
			productReference = CD0D13482ADA73B400031EDD /* Hey SamTests.xctest */;
			productType = "com.apple.product-type.bundle.unit-test";
		};
		CD0D13512ADA73B400031EDD /* Hey SamUITests */ = {
			isa = PBXNativeTarget;
			buildConfigurationList = CD0D13622ADA73B400031EDD /* Build configuration list for PBXNativeTarget "Hey SamUITests" */;
			buildPhases = (
				CD0D134E2ADA73B400031EDD /* Sources */,
				CD0D134F2ADA73B400031EDD /* Frameworks */,
				CD0D13502ADA73B400031EDD /* Resources */,
			);
			buildRules = (
			);
			dependencies = (
				CD0D13542ADA73B400031EDD /* PBXTargetDependency */,
			);
			name = "Hey SamUITests";
			productName = xUITests;
			productReference = CD0D13522ADA73B400031EDD /* Hey SamUITests.xctest */;
			productType = "com.apple.product-type.bundle.ui-testing";
		};
/* End PBXNativeTarget section */

/* Begin PBXProject section */
		CD0D132C2ADA73B300031EDD /* Project object */ = {
			isa = PBXProject;
			attributes = {
				BuildIndependentTargetsInParallel = 1;
				LastSwiftUpdateCheck = 1500;
				LastUpgradeCheck = 1500;
				TargetAttributes = {
					CD0D13332ADA73B300031EDD = {
						CreatedOnToolsVersion = 15.0;
					};
					CD0D13472ADA73B400031EDD = {
						CreatedOnToolsVersion = 15.0;
						TestTargetID = CD0D13332ADA73B300031EDD;
					};
					CD0D13512ADA73B400031EDD = {
						CreatedOnToolsVersion = 15.0;
						TestTargetID = CD0D13332ADA73B300031EDD;
					};
				};
			};
			buildConfigurationList = CD0D132F2ADA73B300031EDD /* Build configuration list for PBXProject "Hey Sam" */;
			compatibilityVersion = "Xcode 14.0";
			developmentRegion = en;
			hasScannedForEncodings = 0;
			knownRegions = (
				en,
				Base,
			);
			mainGroup = CD0D132B2ADA73B300031EDD;
			productRefGroup = CD0D13352ADA73B300031EDD /* Products */;
			projectDirPath = "";
			projectRoot = "";
			targets = (
				CD0D13332ADA73B300031EDD /* Hey Sam */,
				CD0D13472ADA73B400031EDD /* Hey SamTests */,
				CD0D13512ADA73B400031EDD /* Hey SamUITests */,
			);
		};
/* End PBXProject section */

/* Begin PBXResourcesBuildPhase section */
		CD0D13322ADA73B300031EDD /* Resources */ = {
			isa = PBXResourcesBuildPhase;
			buildActionMask = 2147483647;
			files = (
				CDA4F5EB2AE29C5F006F4874 /* AppConfig.plist in Resources */,
				CD0D13422ADA73B400031EDD /* Preview Assets.xcassets in Resources */,
				CD0D133E2ADA73B400031EDD /* Assets.xcassets in Resources */,
				B9AD506D2ADFEFDB006F18A1 /* Dotrice-Bold-Expanded.otf in Resources */,
				B9AD506A2ADFEFDB006F18A1 /* Dotrice-Condensed.otf in Resources */,
				B9AD50692ADFEFDB006F18A1 /* Dotrice-Regular.otf in Resources */,
				CD0D136B2ADB28CE00031EDD /* logo.png in Resources */,
				B9AD506B2ADFEFDB006F18A1 /* Dotrice-Expanded.otf in Resources */,
				B9AD506C2ADFEFDB006F18A1 /* Dotrice-Bold.otf in Resources */,
			);
			runOnlyForDeploymentPostprocessing = 0;
		};
		CD0D13462ADA73B400031EDD /* Resources */ = {
			isa = PBXResourcesBuildPhase;
			buildActionMask = 2147483647;
			files = (
			);
			runOnlyForDeploymentPostprocessing = 0;
		};
		CD0D13502ADA73B400031EDD /* Resources */ = {
			isa = PBXResourcesBuildPhase;
			buildActionMask = 2147483647;
			files = (
			);
			runOnlyForDeploymentPostprocessing = 0;
		};
/* End PBXResourcesBuildPhase section */

/* Begin PBXSourcesBuildPhase section */
		CD0D13302ADA73B300031EDD /* Sources */ = {
			isa = PBXSourcesBuildPhase;
			buildActionMask = 2147483647;
			files = (
				B95B4D7E2AE2D16100DFE2EB /* ActionsView.swift in Sources */,
				B9AD50632ADFE9B7006F18A1 /* OpenAIResponse.swift in Sources */,
				B9AD50742AE02D4B006F18A1 /* OpenAIService.swift in Sources */,
				B9AD50702ADFFDEC006F18A1 /* AppConfig.swift in Sources */,
				B930AAE22ADE2DE5009F9F8C /* String.swift in Sources */,
				CD0D133A2ADA73B300031EDD /* DashboardView.swift in Sources */,
				B930AAE02ADE2DE5009F9F8C /* Color.swift in Sources */,
				B930AAE32ADE2DE5009F9F8C /* Text.swift in Sources */,
				B9AD50572ADFE91C006F18A1 /* Permission.swift in Sources */,
				B9AD50542ADFE8A0006F18A1 /* SpeechRecognition.swift in Sources */,
				B9AD50612ADFE9B7006F18A1 /* Usage.swift in Sources */,
				B930AAE12ADE2DE5009F9F8C /* Font.swift in Sources */,
				CD0D133C2ADA73B300031EDD /* Item.swift in Sources */,
				B9AD50512ADFE888006F18A1 /* TextToSpeechConverter.swift in Sources */,
				B9AD50602ADFE9B7006F18A1 /* Choices.swift in Sources */,
				CD0D13382ADA73B300031EDD /* xApp.swift in Sources */,
				B9AD50622ADFE9B7006F18A1 /* Message.swift in Sources */,
			);
			runOnlyForDeploymentPostprocessing = 0;
		};
		CD0D13442ADA73B400031EDD /* Sources */ = {
			isa = PBXSourcesBuildPhase;
			buildActionMask = 2147483647;
			files = (
				CD0D134D2ADA73B400031EDD /* xTests.swift in Sources */,
			);
			runOnlyForDeploymentPostprocessing = 0;
		};
		CD0D134E2ADA73B400031EDD /* Sources */ = {
			isa = PBXSourcesBuildPhase;
			buildActionMask = 2147483647;
			files = (
				CD0D13572ADA73B400031EDD /* xUITests.swift in Sources */,
				CD0D13592ADA73B400031EDD /* xUITestsLaunchTests.swift in Sources */,
			);
			runOnlyForDeploymentPostprocessing = 0;
		};
/* End PBXSourcesBuildPhase section */

/* Begin PBXTargetDependency section */
		CD0D134A2ADA73B400031EDD /* PBXTargetDependency */ = {
			isa = PBXTargetDependency;
			target = CD0D13332ADA73B300031EDD /* Hey Sam */;
			targetProxy = CD0D13492ADA73B400031EDD /* PBXContainerItemProxy */;
		};
		CD0D13542ADA73B400031EDD /* PBXTargetDependency */ = {
			isa = PBXTargetDependency;
			target = CD0D13332ADA73B300031EDD /* Hey Sam */;
			targetProxy = CD0D13532ADA73B400031EDD /* PBXContainerItemProxy */;
		};
/* End PBXTargetDependency section */

/* Begin XCBuildConfiguration section */
		CD0D135A2ADA73B400031EDD /* Debug */ = {
			isa = XCBuildConfiguration;
			buildSettings = {
				ALWAYS_SEARCH_USER_PATHS = NO;
				ASSETCATALOG_COMPILER_GENERATE_SWIFT_ASSET_SYMBOL_EXTENSIONS = YES;
				CLANG_ANALYZER_NONNULL = YES;
				CLANG_ANALYZER_NUMBER_OBJECT_CONVERSION = YES_AGGRESSIVE;
				CLANG_CXX_LANGUAGE_STANDARD = "gnu++20";
				CLANG_ENABLE_MODULES = YES;
				CLANG_ENABLE_OBJC_ARC = YES;
				CLANG_ENABLE_OBJC_WEAK = YES;
				CLANG_WARN_BLOCK_CAPTURE_AUTORELEASING = YES;
				CLANG_WARN_BOOL_CONVERSION = YES;
				CLANG_WARN_COMMA = YES;
				CLANG_WARN_CONSTANT_CONVERSION = YES;
				CLANG_WARN_DEPRECATED_OBJC_IMPLEMENTATIONS = YES;
				CLANG_WARN_DIRECT_OBJC_ISA_USAGE = YES_ERROR;
				CLANG_WARN_DOCUMENTATION_COMMENTS = YES;
				CLANG_WARN_EMPTY_BODY = YES;
				CLANG_WARN_ENUM_CONVERSION = YES;
				CLANG_WARN_INFINITE_RECURSION = YES;
				CLANG_WARN_INT_CONVERSION = YES;
				CLANG_WARN_NON_LITERAL_NULL_CONVERSION = YES;
				CLANG_WARN_OBJC_IMPLICIT_RETAIN_SELF = YES;
				CLANG_WARN_OBJC_LITERAL_CONVERSION = YES;
				CLANG_WARN_OBJC_ROOT_CLASS = YES_ERROR;
				CLANG_WARN_QUOTED_INCLUDE_IN_FRAMEWORK_HEADER = YES;
				CLANG_WARN_RANGE_LOOP_ANALYSIS = YES;
				CLANG_WARN_STRICT_PROTOTYPES = YES;
				CLANG_WARN_SUSPICIOUS_MOVE = YES;
				CLANG_WARN_UNGUARDED_AVAILABILITY = YES_AGGRESSIVE;
				CLANG_WARN_UNREACHABLE_CODE = YES;
				CLANG_WARN__DUPLICATE_METHOD_MATCH = YES;
				COPY_PHASE_STRIP = NO;
				DEBUG_INFORMATION_FORMAT = dwarf;
				ENABLE_STRICT_OBJC_MSGSEND = YES;
				ENABLE_TESTABILITY = YES;
				ENABLE_USER_SCRIPT_SANDBOXING = YES;
				GCC_C_LANGUAGE_STANDARD = gnu17;
				GCC_DYNAMIC_NO_PIC = NO;
				GCC_NO_COMMON_BLOCKS = YES;
				GCC_OPTIMIZATION_LEVEL = 0;
				GCC_PREPROCESSOR_DEFINITIONS = (
					"DEBUG=1",
					"$(inherited)",
				);
				GCC_WARN_64_TO_32_BIT_CONVERSION = YES;
				GCC_WARN_ABOUT_RETURN_TYPE = YES_ERROR;
				GCC_WARN_UNDECLARED_SELECTOR = YES;
				GCC_WARN_UNINITIALIZED_AUTOS = YES_AGGRESSIVE;
				GCC_WARN_UNUSED_FUNCTION = YES;
				GCC_WARN_UNUSED_VARIABLE = YES;
				LOCALIZATION_PREFERS_STRING_CATALOGS = YES;
				MTL_ENABLE_DEBUG_INFO = INCLUDE_SOURCE;
				MTL_FAST_MATH = YES;
				ONLY_ACTIVE_ARCH = YES;
				SWIFT_ACTIVE_COMPILATION_CONDITIONS = "DEBUG $(inherited)";
				SWIFT_OPTIMIZATION_LEVEL = "-Onone";
			};
			name = Debug;
		};
		CD0D135B2ADA73B400031EDD /* Release */ = {
			isa = XCBuildConfiguration;
			buildSettings = {
				ALWAYS_SEARCH_USER_PATHS = NO;
				ASSETCATALOG_COMPILER_GENERATE_SWIFT_ASSET_SYMBOL_EXTENSIONS = YES;
				CLANG_ANALYZER_NONNULL = YES;
				CLANG_ANALYZER_NUMBER_OBJECT_CONVERSION = YES_AGGRESSIVE;
				CLANG_CXX_LANGUAGE_STANDARD = "gnu++20";
				CLANG_ENABLE_MODULES = YES;
				CLANG_ENABLE_OBJC_ARC = YES;
				CLANG_ENABLE_OBJC_WEAK = YES;
				CLANG_WARN_BLOCK_CAPTURE_AUTORELEASING = YES;
				CLANG_WARN_BOOL_CONVERSION = YES;
				CLANG_WARN_COMMA = YES;
				CLANG_WARN_CONSTANT_CONVERSION = YES;
				CLANG_WARN_DEPRECATED_OBJC_IMPLEMENTATIONS = YES;
				CLANG_WARN_DIRECT_OBJC_ISA_USAGE = YES_ERROR;
				CLANG_WARN_DOCUMENTATION_COMMENTS = YES;
				CLANG_WARN_EMPTY_BODY = YES;
				CLANG_WARN_ENUM_CONVERSION = YES;
				CLANG_WARN_INFINITE_RECURSION = YES;
				CLANG_WARN_INT_CONVERSION = YES;
				CLANG_WARN_NON_LITERAL_NULL_CONVERSION = YES;
				CLANG_WARN_OBJC_IMPLICIT_RETAIN_SELF = YES;
				CLANG_WARN_OBJC_LITERAL_CONVERSION = YES;
				CLANG_WARN_OBJC_ROOT_CLASS = YES_ERROR;
				CLANG_WARN_QUOTED_INCLUDE_IN_FRAMEWORK_HEADER = YES;
				CLANG_WARN_RANGE_LOOP_ANALYSIS = YES;
				CLANG_WARN_STRICT_PROTOTYPES = YES;
				CLANG_WARN_SUSPICIOUS_MOVE = YES;
				CLANG_WARN_UNGUARDED_AVAILABILITY = YES_AGGRESSIVE;
				CLANG_WARN_UNREACHABLE_CODE = YES;
				CLANG_WARN__DUPLICATE_METHOD_MATCH = YES;
				COPY_PHASE_STRIP = NO;
				DEBUG_INFORMATION_FORMAT = "dwarf-with-dsym";
				ENABLE_NS_ASSERTIONS = NO;
				ENABLE_STRICT_OBJC_MSGSEND = YES;
				ENABLE_USER_SCRIPT_SANDBOXING = YES;
				GCC_C_LANGUAGE_STANDARD = gnu17;
				GCC_NO_COMMON_BLOCKS = YES;
				GCC_WARN_64_TO_32_BIT_CONVERSION = YES;
				GCC_WARN_ABOUT_RETURN_TYPE = YES_ERROR;
				GCC_WARN_UNDECLARED_SELECTOR = YES;
				GCC_WARN_UNINITIALIZED_AUTOS = YES_AGGRESSIVE;
				GCC_WARN_UNUSED_FUNCTION = YES;
				GCC_WARN_UNUSED_VARIABLE = YES;
				LOCALIZATION_PREFERS_STRING_CATALOGS = YES;
				MTL_ENABLE_DEBUG_INFO = NO;
				MTL_FAST_MATH = YES;
				SWIFT_COMPILATION_MODE = wholemodule;
			};
			name = Release;
		};
		CD0D135D2ADA73B400031EDD /* Debug */ = {
			isa = XCBuildConfiguration;
			buildSettings = {
				ASSETCATALOG_COMPILER_APPICON_NAME = AppIcon;
				ASSETCATALOG_COMPILER_GLOBAL_ACCENT_COLOR_NAME = AccentColor;
				ASSETCATALOG_COMPILER_INCLUDE_ALL_APPICON_ASSETS = NO;
				CODE_SIGN_ENTITLEMENTS = x/x.entitlements;
				CODE_SIGN_STYLE = Automatic;
				CURRENT_PROJECT_VERSION = 1;
				DEVELOPMENT_ASSET_PATHS = "\"x/Preview Content\"";
				DEVELOPMENT_TEAM = D9AHA462DR;
				ENABLE_HARDENED_RUNTIME = YES;
				"ENABLE_HARDENED_RUNTIME[sdk=macosx*]" = YES;
				ENABLE_PREVIEWS = YES;
				GENERATE_INFOPLIST_FILE = YES;
				INFOPLIST_FILE = x/Info.plist;
				INFOPLIST_KEY_CFBundleDisplayName = "Hey Eve";
				INFOPLIST_KEY_LSApplicationCategoryType = "public.app-category.utilities";
				INFOPLIST_KEY_NSMicrophoneUsageDescription = "Microphone access is required to record audio for speech";
				INFOPLIST_KEY_NSSpeechRecognitionUsageDescription = "Speech recognition is used to convert speech into text for search and other features in the app";
				"INFOPLIST_KEY_UIApplicationSceneManifest_Generation[sdk=iphoneos*]" = YES;
				"INFOPLIST_KEY_UIApplicationSceneManifest_Generation[sdk=iphonesimulator*]" = YES;
				"INFOPLIST_KEY_UIApplicationSupportsIndirectInputEvents[sdk=iphoneos*]" = YES;
				"INFOPLIST_KEY_UIApplicationSupportsIndirectInputEvents[sdk=iphonesimulator*]" = YES;
				"INFOPLIST_KEY_UILaunchScreen_Generation[sdk=iphoneos*]" = YES;
				"INFOPLIST_KEY_UILaunchScreen_Generation[sdk=iphonesimulator*]" = YES;
				"INFOPLIST_KEY_UIStatusBarStyle[sdk=iphoneos*]" = UIStatusBarStyleDefault;
				"INFOPLIST_KEY_UIStatusBarStyle[sdk=iphonesimulator*]" = UIStatusBarStyleDefault;
				INFOPLIST_KEY_UISupportedInterfaceOrientations_iPad = "UIInterfaceOrientationPortrait UIInterfaceOrientationPortraitUpsideDown UIInterfaceOrientationLandscapeLeft UIInterfaceOrientationLandscapeRight";
				INFOPLIST_KEY_UISupportedInterfaceOrientations_iPhone = "UIInterfaceOrientationPortrait UIInterfaceOrientationLandscapeLeft UIInterfaceOrientationLandscapeRight";
				IPHONEOS_DEPLOYMENT_TARGET = 17.0;
				LD_RUNPATH_SEARCH_PATHS = "@executable_path/Frameworks";
				"LD_RUNPATH_SEARCH_PATHS[sdk=macosx*]" = "@executable_path/../Frameworks";
				MACOSX_DEPLOYMENT_TARGET = 14.0;
				MARKETING_VERSION = 1.0;
				PRODUCT_BUNDLE_IDENTIFIER = com.country.x;
				PRODUCT_NAME = "$(TARGET_NAME)";
				SDKROOT = auto;
				SUPPORTED_PLATFORMS = "iphoneos iphonesimulator";
				SUPPORTS_MACCATALYST = NO;
				SWIFT_EMIT_LOC_STRINGS = YES;
				SWIFT_VERSION = 5.0;
				TARGETED_DEVICE_FAMILY = "1,2";
			};
			name = Debug;
		};
		CD0D135E2ADA73B400031EDD /* Release */ = {
			isa = XCBuildConfiguration;
			buildSettings = {
				ASSETCATALOG_COMPILER_APPICON_NAME = AppIcon;
				ASSETCATALOG_COMPILER_GLOBAL_ACCENT_COLOR_NAME = AccentColor;
				ASSETCATALOG_COMPILER_INCLUDE_ALL_APPICON_ASSETS = NO;
				CODE_SIGN_ENTITLEMENTS = x/x.entitlements;
				CODE_SIGN_STYLE = Automatic;
				CURRENT_PROJECT_VERSION = 1;
				DEVELOPMENT_ASSET_PATHS = "\"x/Preview Content\"";
				DEVELOPMENT_TEAM = D9AHA462DR;
				ENABLE_HARDENED_RUNTIME = YES;
				"ENABLE_HARDENED_RUNTIME[sdk=macosx*]" = YES;
				ENABLE_PREVIEWS = YES;
				GENERATE_INFOPLIST_FILE = YES;
				INFOPLIST_FILE = x/Info.plist;
				INFOPLIST_KEY_CFBundleDisplayName = "Hey Eve";
				INFOPLIST_KEY_LSApplicationCategoryType = "public.app-category.utilities";
				INFOPLIST_KEY_NSMicrophoneUsageDescription = "Microphone access is required to record audio for speech";
				INFOPLIST_KEY_NSSpeechRecognitionUsageDescription = "Speech recognition is used to convert speech into text for search and other features in the app";
				"INFOPLIST_KEY_UIApplicationSceneManifest_Generation[sdk=iphoneos*]" = YES;
				"INFOPLIST_KEY_UIApplicationSceneManifest_Generation[sdk=iphonesimulator*]" = YES;
				"INFOPLIST_KEY_UIApplicationSupportsIndirectInputEvents[sdk=iphoneos*]" = YES;
				"INFOPLIST_KEY_UIApplicationSupportsIndirectInputEvents[sdk=iphonesimulator*]" = YES;
				"INFOPLIST_KEY_UILaunchScreen_Generation[sdk=iphoneos*]" = YES;
				"INFOPLIST_KEY_UILaunchScreen_Generation[sdk=iphonesimulator*]" = YES;
				"INFOPLIST_KEY_UIStatusBarStyle[sdk=iphoneos*]" = UIStatusBarStyleDefault;
				"INFOPLIST_KEY_UIStatusBarStyle[sdk=iphonesimulator*]" = UIStatusBarStyleDefault;
				INFOPLIST_KEY_UISupportedInterfaceOrientations_iPad = "UIInterfaceOrientationPortrait UIInterfaceOrientationPortraitUpsideDown UIInterfaceOrientationLandscapeLeft UIInterfaceOrientationLandscapeRight";
				INFOPLIST_KEY_UISupportedInterfaceOrientations_iPhone = "UIInterfaceOrientationPortrait UIInterfaceOrientationLandscapeLeft UIInterfaceOrientationLandscapeRight";
				IPHONEOS_DEPLOYMENT_TARGET = 17.0;
				LD_RUNPATH_SEARCH_PATHS = "@executable_path/Frameworks";
				"LD_RUNPATH_SEARCH_PATHS[sdk=macosx*]" = "@executable_path/../Frameworks";
				MACOSX_DEPLOYMENT_TARGET = 14.0;
				MARKETING_VERSION = 1.0;
				PRODUCT_BUNDLE_IDENTIFIER = com.country.x;
				PRODUCT_NAME = "$(TARGET_NAME)";
				SDKROOT = auto;
				SUPPORTED_PLATFORMS = "iphoneos iphonesimulator";
				SUPPORTS_MACCATALYST = NO;
				SWIFT_EMIT_LOC_STRINGS = YES;
				SWIFT_VERSION = 5.0;
				TARGETED_DEVICE_FAMILY = "1,2";
			};
			name = Release;
		};
		CD0D13602ADA73B400031EDD /* Debug */ = {
			isa = XCBuildConfiguration;
			buildSettings = {
				ALWAYS_EMBED_SWIFT_STANDARD_LIBRARIES = YES;
				BUNDLE_LOADER = "$(TEST_HOST)";
				CODE_SIGN_STYLE = Automatic;
				CURRENT_PROJECT_VERSION = 1;
				DEVELOPMENT_TEAM = D9AHA462DR;
				GENERATE_INFOPLIST_FILE = YES;
				IPHONEOS_DEPLOYMENT_TARGET = 17.0;
				MACOSX_DEPLOYMENT_TARGET = 14.0;
				MARKETING_VERSION = 1.0;
				PRODUCT_BUNDLE_IDENTIFIER = com.country.xTests;
				PRODUCT_NAME = "$(TARGET_NAME)";
				SDKROOT = auto;
				SUPPORTED_PLATFORMS = "iphoneos iphonesimulator macosx";
				SWIFT_EMIT_LOC_STRINGS = NO;
				SWIFT_VERSION = 5.0;
				TARGETED_DEVICE_FAMILY = "1,2";
				TEST_HOST = "$(BUILT_PRODUCTS_DIR)/Hey Sam.app/$(BUNDLE_EXECUTABLE_FOLDER_PATH)/Hey Sam";
			};
			name = Debug;
		};
		CD0D13612ADA73B400031EDD /* Release */ = {
			isa = XCBuildConfiguration;
			buildSettings = {
				ALWAYS_EMBED_SWIFT_STANDARD_LIBRARIES = YES;
				BUNDLE_LOADER = "$(TEST_HOST)";
				CODE_SIGN_STYLE = Automatic;
				CURRENT_PROJECT_VERSION = 1;
				DEVELOPMENT_TEAM = D9AHA462DR;
				GENERATE_INFOPLIST_FILE = YES;
				IPHONEOS_DEPLOYMENT_TARGET = 17.0;
				MACOSX_DEPLOYMENT_TARGET = 14.0;
				MARKETING_VERSION = 1.0;
				PRODUCT_BUNDLE_IDENTIFIER = com.country.xTests;
				PRODUCT_NAME = "$(TARGET_NAME)";
				SDKROOT = auto;
				SUPPORTED_PLATFORMS = "iphoneos iphonesimulator macosx";
				SWIFT_EMIT_LOC_STRINGS = NO;
				SWIFT_VERSION = 5.0;
				TARGETED_DEVICE_FAMILY = "1,2";
				TEST_HOST = "$(BUILT_PRODUCTS_DIR)/Hey Sam.app/$(BUNDLE_EXECUTABLE_FOLDER_PATH)/Hey Sam";
			};
			name = Release;
		};
		CD0D13632ADA73B400031EDD /* Debug */ = {
			isa = XCBuildConfiguration;
			buildSettings = {
				ALWAYS_EMBED_SWIFT_STANDARD_LIBRARIES = YES;
				CODE_SIGN_STYLE = Automatic;
				CURRENT_PROJECT_VERSION = 1;
				DEVELOPMENT_TEAM = D9AHA462DR;
				GENERATE_INFOPLIST_FILE = YES;
				IPHONEOS_DEPLOYMENT_TARGET = 17.0;
				MACOSX_DEPLOYMENT_TARGET = 14.0;
				MARKETING_VERSION = 1.0;
				PRODUCT_BUNDLE_IDENTIFIER = com.country.xUITests;
				PRODUCT_NAME = "$(TARGET_NAME)";
				SDKROOT = auto;
				SUPPORTED_PLATFORMS = "iphoneos iphonesimulator macosx";
				SWIFT_EMIT_LOC_STRINGS = NO;
				SWIFT_VERSION = 5.0;
				TARGETED_DEVICE_FAMILY = "1,2";
				TEST_TARGET_NAME = x;
			};
			name = Debug;
		};
		CD0D13642ADA73B400031EDD /* Release */ = {
			isa = XCBuildConfiguration;
			buildSettings = {
				ALWAYS_EMBED_SWIFT_STANDARD_LIBRARIES = YES;
				CODE_SIGN_STYLE = Automatic;
				CURRENT_PROJECT_VERSION = 1;
				DEVELOPMENT_TEAM = D9AHA462DR;
				GENERATE_INFOPLIST_FILE = YES;
				IPHONEOS_DEPLOYMENT_TARGET = 17.0;
				MACOSX_DEPLOYMENT_TARGET = 14.0;
				MARKETING_VERSION = 1.0;
				PRODUCT_BUNDLE_IDENTIFIER = com.country.xUITests;
				PRODUCT_NAME = "$(TARGET_NAME)";
				SDKROOT = auto;
				SUPPORTED_PLATFORMS = "iphoneos iphonesimulator macosx";
				SWIFT_EMIT_LOC_STRINGS = NO;
				SWIFT_VERSION = 5.0;
				TARGETED_DEVICE_FAMILY = "1,2";
				TEST_TARGET_NAME = x;
			};
			name = Release;
		};
/* End XCBuildConfiguration section */

/* Begin XCConfigurationList section */
		CD0D132F2ADA73B300031EDD /* Build configuration list for PBXProject "Hey Sam" */ = {
			isa = XCConfigurationList;
			buildConfigurations = (
				CD0D135A2ADA73B400031EDD /* Debug */,
				CD0D135B2ADA73B400031EDD /* Release */,
			);
			defaultConfigurationIsVisible = 0;
			defaultConfigurationName = Release;
		};
		CD0D135C2ADA73B400031EDD /* Build configuration list for PBXNativeTarget "Hey Sam" */ = {
			isa = XCConfigurationList;
			buildConfigurations = (
				CD0D135D2ADA73B400031EDD /* Debug */,
				CD0D135E2ADA73B400031EDD /* Release */,
			);
			defaultConfigurationIsVisible = 0;
			defaultConfigurationName = Release;
		};
		CD0D135F2ADA73B400031EDD /* Build configuration list for PBXNativeTarget "Hey SamTests" */ = {
			isa = XCConfigurationList;
			buildConfigurations = (
				CD0D13602ADA73B400031EDD /* Debug */,
				CD0D13612ADA73B400031EDD /* Release */,
			);
			defaultConfigurationIsVisible = 0;
			defaultConfigurationName = Release;
		};
		CD0D13622ADA73B400031EDD /* Build configuration list for PBXNativeTarget "Hey SamUITests" */ = {
			isa = XCConfigurationList;
			buildConfigurations = (
				CD0D13632ADA73B400031EDD /* Debug */,
				CD0D13642ADA73B400031EDD /* Release */,
			);
			defaultConfigurationIsVisible = 0;
			defaultConfigurationName = Release;
		};
/* End XCConfigurationList section */
	};
	rootObject = CD0D132C2ADA73B300031EDD /* Project object */;
}
